{
  "name": "metho-array",
  "version": "0.0.1",
  "lockfileVersion": 2,
  "requires": true,
  "packages": {
    "": {
      "name": "metho-array",
      "version": "0.0.1",
      "license": "ISC",
      "dependencies": {
        "metho": "^0.0.6",
        "metho-number": "^0.0.6"
      }
    },
    "node_modules/metho": {
      "version": "0.0.6",
      "resolved": "https://registry.npmjs.org/metho/-/metho-0.0.6.tgz",
      "integrity": "sha512-RMQ0OeWdmqNYJ8ZtyACPM8LS/yRIEj3P4KyikM03F+OOwJqGqYMJU/g1sGGZVykccevWuU5A3R3lFxlalTYwOw=="
    },
    "node_modules/metho-number": {
      "version": "0.0.6",
      "resolved": "https://registry.npmjs.org/metho-number/-/metho-number-0.0.6.tgz",
      "integrity": "sha512-hpc8RAWANZzwDPr+PEeJ23069r1o/vmUEdLkIfoDIfHNeMw3bONelEFpps/aAwyisS3MNkwR2lWf9nE6p9BP9g==",
      "dependencies": {
        "metho": "^0.0.5"
      }
    },
    "node_modules/metho-number/node_modules/metho": {
      "version": "0.0.5",
      "resolved": "https://registry.npmjs.org/metho/-/metho-0.0.5.tgz",
      "integrity": "sha512-w0ULTGD/IVKGuNDtcYUikCafEj61pcsM+5I0MybsCX0DD4owfUZIXZI5P7arfUXju+qPvwAcnEfcDyEkQgqG9g=="
    }
  },
  "dependencies": {
    "metho": {
      "version": "0.0.6",
      "resolved": "https://registry.npmjs.org/metho/-/metho-0.0.6.tgz",
      "integrity": "sha512-RMQ0OeWdmqNYJ8ZtyACPM8LS/yRIEj3P4KyikM03F+OOwJqGqYMJU/g1sGGZVykccevWuU5A3R3lFxlalTYwOw=="
    },
    "metho-number": {
      "version": "0.0.6",
      "resolved": "https://registry.npmjs.org/metho-number/-/metho-number-0.0.6.tgz",
      "integrity": "sha512-hpc8RAWANZzwDPr+PEeJ23069r1o/vmUEdLkIfoDIfHNeMw3bONelEFpps/aAwyisS3MNkwR2lWf9nE6p9BP9g==",
      "requires": {
        "metho": "^0.0.5"
      },
      "dependencies": {
        "metho": {
          "version": "0.0.5",
          "resolved": "https://registry.npmjs.org/metho/-/metho-0.0.5.tgz",
          "integrity": "sha512-w0ULTGD/IVKGuNDtcYUikCafEj61pcsM+5I0MybsCX0DD4owfUZIXZI5P7arfUXju+qPvwAcnEfcDyEkQgqG9g=="
        }
      }
    }
  }
}
